
Microsoft Visual Studio Solution File, Format Version 12.00
# Visual Studio 15
VisualStudioVersion = 15.0.26124.0
MinimumVisualStudioVersion = 15.0.26124.0
Project("{FAE04EC0-301F-11D3-BF4B-00C04F79EFBC}") = "fastV", "fastV\fastV.csproj", "{DB378F66-A26A-474C-8A16-E1790D93BD99}"
EndProject
Project("{FAE04EC0-301F-11D3-BF4B-00C04F79EFBC}") = "fastV.test", "fastV.test\fastV.test.csproj", "{11A0E636-F0EF-45C2-AF27-DAFF254A3155}"
EndProject
Project("{FAE04EC0-301F-11D3-BF4B-00C04F79EFBC}") = "fastV.bench", "fastV.bench\fastV.bench.csproj", "{2DABF195-4AF8-4D07-A566-42775E6166B5}"
EndProject
Global
	GlobalSection(SolutionConfigurationPlatforms) = preSolution
		Debug|Any CPU = Debug|Any CPU
		Debug|x64 = Debug|x64
		Debug|x86 = Debug|x86
		Release|Any CPU = Release|Any CPU
		Release|x64 = Release|x64
		Release|x86 = Release|x86
	EndGlobalSection
	GlobalSection(SolutionProperties) = preSolution
		HideSolutionNode = FALSE
	EndGlobalSection
	GlobalSection(ProjectConfigurationPlatforms) = postSolution
		{DB378F66-A26A-474C-8A16-E1790D93BD99}.Debug|Any CPU.ActiveCfg = Debug|Any CPU
		{DB378F66-A26A-474C-8A16-E1790D93BD99}.Debug|Any CPU.Build.0 = Debug|Any CPU
		{DB378F66-A26A-474C-8A16-E1790D93BD99}.Debug|x64.ActiveCfg = Debug|Any CPU
		{DB378F66-A26A-474C-8A16-E1790D93BD99}.Debug|x64.Build.0 = Debug|Any CPU
		{DB378F66-A26A-474C-8A16-E1790D93BD99}.Debug|x86.ActiveCfg = Debug|Any CPU
		{DB378F66-A26A-474C-8A16-E1790D93BD99}.Debug|x86.Build.0 = Debug|Any CPU
		{DB378F66-A26A-474C-8A16-E1790D93BD99}.Release|Any CPU.ActiveCfg = Release|Any CPU
		{DB378F66-A26A-474C-8A16-E1790D93BD99}.Release|Any CPU.Build.0 = Release|Any CPU
		{DB378F66-A26A-474C-8A16-E1790D93BD99}.Release|x64.ActiveCfg = Release|Any CPU
		{DB378F66-A26A-474C-8A16-E1790D93BD99}.Release|x64.Build.0 = Release|Any CPU
		{DB378F66-A26A-474C-8A16-E1790D93BD99}.Release|x86.ActiveCfg = Release|Any CPU
		{DB378F66-A26A-474C-8A16-E1790D93BD99}.Release|x86.Build.0 = Release|Any CPU
		{11A0E636-F0EF-45C2-AF27-DAFF254A3155}.Debug|Any CPU.ActiveCfg = Debug|Any CPU
		{11A0E636-F0EF-45C2-AF27-DAFF254A3155}.Debug|Any CPU.Build.0 = Debug|Any CPU
		{11A0E636-F0EF-45C2-AF27-DAFF254A3155}.Debug|x64.ActiveCfg = Debug|Any CPU
		{11A0E636-F0EF-45C2-AF27-DAFF254A3155}.Debug|x64.Build.0 = Debug|Any CPU
		{11A0E636-F0EF-45C2-AF27-DAFF254A3155}.Debug|x86.ActiveCfg = Debug|Any CPU
		{11A0E636-F0EF-45C2-AF27-DAFF254A3155}.Debug|x86.Build.0 = Debug|Any CPU
		{11A0E636-F0EF-45C2-AF27-DAFF254A3155}.Release|Any CPU.ActiveCfg = Release|Any CPU
		{11A0E636-F0EF-45C2-AF27-DAFF254A3155}.Release|Any CPU.Build.0 = Release|Any CPU
		{11A0E636-F0EF-45C2-AF27-DAFF254A3155}.Release|x64.ActiveCfg = Release|Any CPU
		{11A0E636-F0EF-45C2-AF27-DAFF254A3155}.Release|x64.Build.0 = Release|Any CPU
		{11A0E636-F0EF-45C2-AF27-DAFF254A3155}.Release|x86.ActiveCfg = Release|Any CPU
		{11A0E636-F0EF-45C2-AF27-DAFF254A3155}.Release|x86.Build.0 = Release|Any CPU
		{2DABF195-4AF8-4D07-A566-42775E6166B5}.Debug|Any CPU.ActiveCfg = Debug|Any CPU
		{2DABF195-4AF8-4D07-A566-42775E6166B5}.Debug|Any CPU.Build.0 = Debug|Any CPU
		{2DABF195-4AF8-4D07-A566-42775E6166B5}.Debug|x64.ActiveCfg = Debug|Any CPU
		{2DABF195-4AF8-4D07-A566-42775E6166B5}.Debug|x64.Build.0 = Debug|Any CPU
		{2DABF195-4AF8-4D07-A566-42775E6166B5}.Debug|x86.ActiveCfg = Debug|Any CPU
		{2DABF195-4AF8-4D07-A566-42775E6166B5}.Debug|x86.Build.0 = Debug|Any CPU
		{2DABF195-4AF8-4D07-A566-42775E6166B5}.Release|Any CPU.ActiveCfg = Release|Any CPU
		{2DABF195-4AF8-4D07-A566-42775E6166B5}.Release|Any CPU.Build.0 = Release|Any CPU
		{2DABF195-4AF8-4D07-A566-42775E6166B5}.Release|x64.ActiveCfg = Release|Any CPU
		{2DABF195-4AF8-4D07-A566-42775E6166B5}.Release|x64.Build.0 = Release|Any CPU
		{2DABF195-4AF8-4D07-A566-42775E6166B5}.Release|x86.ActiveCfg = Release|Any CPU
		{2DABF195-4AF8-4D07-A566-42775E6166B5}.Release|x86.Build.0 = Release|Any CPU
	EndGlobalSection
EndGlobal
